// !$*UTF8*$!
{
	archiveVersion = 1;
	classes = {
	};
	objectVersion = 56;
	objects = {

/* Begin PBXBuildFile section */
		24960A552C23048E0038927C /* MatListenApp.swift in Sources */ = {isa = PBXBuildFile; fileRef = 24960A542C23048E0038927C /* MatListenApp.swift */; };
		24960A592C23048E0038927C /* Item.swift in Sources */ = {isa = PBXBuildFile; fileRef = 24960A582C23048E0038927C /* Item.swift */; };
		24960A5B2C2304900038927C /* Assets.xcassets in Resources */ = {isa = PBXBuildFile; fileRef = 24960A5A2C2304900038927C /* Assets.xcassets */; };
		24960A5E2C2304900038927C /* Preview Assets.xcassets in Resources */ = {isa = PBXBuildFile; fileRef = 24960A5D2C2304900038927C /* Preview Assets.xcassets */; };
		24960A6B2C2305500038927C /* HomeView.swift in Sources */ = {isa = PBXBuildFile; fileRef = 24960A6A2C2305500038927C /* HomeView.swift */; };
		24960A6D2C2305690038927C /* ShoppingListView.swift in Sources */ = {isa = PBXBuildFile; fileRef = 24960A6C2C2305690038927C /* ShoppingListView.swift */; };
		24960A6F2C23057D0038927C /* NutritionView.swift in Sources */ = {isa = PBXBuildFile; fileRef = 24960A6E2C23057D0038927C /* NutritionView.swift */; };
		24960A712C2305910038927C /* NotificationsView.swift in Sources */ = {isa = PBXBuildFile; fileRef = 24960A702C2305910038927C /* NotificationsView.swift */; };
		24960A732C2305AF0038927C /* ProductView.swift in Sources */ = {isa = PBXBuildFile; fileRef = 24960A722C2305AF0038927C /* ProductView.swift */; };
		24960A752C2305BF0038927C /* ProductSelectionView.swift in Sources */ = {isa = PBXBuildFile; fileRef = 24960A742C2305BF0038927C /* ProductSelectionView.swift */; };
		24960A772C2305E10038927C /* ProductService.swift in Sources */ = {isa = PBXBuildFile; fileRef = 24960A762C2305E10038927C /* ProductService.swift */; };
		24960A792C2305F70038927C /* SearchBar.swift in Sources */ = {isa = PBXBuildFile; fileRef = 24960A782C2305F70038927C /* SearchBar.swift */; };
		24960A7B2C23060A0038927C /* ProductGrid.swift in Sources */ = {isa = PBXBuildFile; fileRef = 24960A7A2C23060A0038927C /* ProductGrid.swift */; };
		24960A7D2C2306190038927C /* ProductItemView.swift in Sources */ = {isa = PBXBuildFile; fileRef = 24960A7C2C2306190038927C /* ProductItemView.swift */; };
		24960A7F2C2306340038927C /* FontModifier.swift in Sources */ = {isa = PBXBuildFile; fileRef = 24960A7E2C2306340038927C /* FontModifier.swift */; };
		24960A812C2306490038927C /* BackgroundModifier.swift in Sources */ = {isa = PBXBuildFile; fileRef = 24960A802C2306490038927C /* BackgroundModifier.swift */; };
		24960A832C2306690038927C /* ColorExtension.swift in Sources */ = {isa = PBXBuildFile; fileRef = 24960A822C2306690038927C /* ColorExtension.swift */; };
		24960A852C2306760038927C /* ListItemModifier.swift in Sources */ = {isa = PBXBuildFile; fileRef = 24960A842C2306760038927C /* ListItemModifier.swift */; };
		24960A872C2307E20038927C /* TabBarView.swift in Sources */ = {isa = PBXBuildFile; fileRef = 24960A862C2307E20038927C /* TabBarView.swift */; };
		24960A9E2C2309530038927C /* OFL.txt in Resources */ = {isa = PBXBuildFile; fileRef = 24960A8A2C2309530038927C /* OFL.txt */; };
		24960A9F2C2309530038927C /* Poppins-Black.ttf in Resources */ = {isa = PBXBuildFile; fileRef = 24960A8B2C2309530038927C /* Poppins-Black.ttf */; };
		24960AA02C2309530038927C /* Poppins-BlackItalic.ttf in Resources */ = {isa = PBXBuildFile; fileRef = 24960A8C2C2309530038927C /* Poppins-BlackItalic.ttf */; };
		24960AA12C2309530038927C /* Poppins-Bold.ttf in Resources */ = {isa = PBXBuildFile; fileRef = 24960A8D2C2309530038927C /* Poppins-Bold.ttf */; };
		24960AA22C2309530038927C /* Poppins-BoldItalic.ttf in Resources */ = {isa = PBXBuildFile; fileRef = 24960A8E2C2309530038927C /* Poppins-BoldItalic.ttf */; };
		24960AA32C2309530038927C /* Poppins-ExtraBold.ttf in Resources */ = {isa = PBXBuildFile; fileRef = 24960A8F2C2309530038927C /* Poppins-ExtraBold.ttf */; };
		24960AA42C2309530038927C /* Poppins-ExtraBoldItalic.ttf in Resources */ = {isa = PBXBuildFile; fileRef = 24960A902C2309530038927C /* Poppins-ExtraBoldItalic.ttf */; };
		24960AA52C2309530038927C /* Poppins-ExtraLight.ttf in Resources */ = {isa = PBXBuildFile; fileRef = 24960A912C2309530038927C /* Poppins-ExtraLight.ttf */; };
		24960AA62C2309530038927C /* Poppins-ExtraLightItalic.ttf in Resources */ = {isa = PBXBuildFile; fileRef = 24960A922C2309530038927C /* Poppins-ExtraLightItalic.ttf */; };
		24960AA72C2309530038927C /* Poppins-Italic.ttf in Resources */ = {isa = PBXBuildFile; fileRef = 24960A932C2309530038927C /* Poppins-Italic.ttf */; };
		24960AA82C2309530038927C /* Poppins-Light.ttf in Resources */ = {isa = PBXBuildFile; fileRef = 24960A942C2309530038927C /* Poppins-Light.ttf */; };
		24960AA92C2309530038927C /* Poppins-LightItalic.ttf in Resources */ = {isa = PBXBuildFile; fileRef = 24960A952C2309530038927C /* Poppins-LightItalic.ttf */; };
		24960AAA2C2309530038927C /* Poppins-Medium.ttf in Resources */ = {isa = PBXBuildFile; fileRef = 24960A962C2309530038927C /* Poppins-Medium.ttf */; };
		24960AAB2C2309530038927C /* Poppins-MediumItalic.ttf in Resources */ = {isa = PBXBuildFile; fileRef = 24960A972C2309530038927C /* Poppins-MediumItalic.ttf */; };
		24960AAC2C2309530038927C /* Poppins-Regular.ttf in Resources */ = {isa = PBXBuildFile; fileRef = 24960A982C2309530038927C /* Poppins-Regular.ttf */; };
		24960AAD2C2309530038927C /* Poppins-SemiBold.ttf in Resources */ = {isa = PBXBuildFile; fileRef = 24960A992C2309530038927C /* Poppins-SemiBold.ttf */; };
		24960AAE2C2309530038927C /* Poppins-SemiBoldItalic.ttf in Resources */ = {isa = PBXBuildFile; fileRef = 24960A9A2C2309530038927C /* Poppins-SemiBoldItalic.ttf */; };
		24960AAF2C2309530038927C /* Poppins-Thin.ttf in Resources */ = {isa = PBXBuildFile; fileRef = 24960A9B2C2309530038927C /* Poppins-Thin.ttf */; };
		24960AB02C2309530038927C /* Poppins-ThinItalic.ttf in Resources */ = {isa = PBXBuildFile; fileRef = 24960A9C2C2309530038927C /* Poppins-ThinItalic.ttf */; };
		24987A982C24555700B9C01D /* UserService.swift in Sources */ = {isa = PBXBuildFile; fileRef = 24987A972C24555700B9C01D /* UserService.swift */; };
		24987A9A2C24620B00B9C01D /* HouseHoldService.swift in Sources */ = {isa = PBXBuildFile; fileRef = 24987A992C24620B00B9C01D /* HouseHoldService.swift */; };
		24987A9C2C24896400B9C01D /* HouseHoldCrudView.swift in Sources */ = {isa = PBXBuildFile; fileRef = 24987A9B2C24896400B9C01D /* HouseHoldCrudView.swift */; };
		24A4A8712C232C250045C8EB /* API-Keys.plist in Resources */ = {isa = PBXBuildFile; fileRef = 24A4A8702C232C250045C8EB /* API-Keys.plist */; };
		24A4A8732C233E510045C8EB /* .gitignore in Resources */ = {isa = PBXBuildFile; fileRef = 24A4A8722C233E510045C8EB /* .gitignore */; };
		24A4A8782C2342A40045C8EB /* UserList.swift in Sources */ = {isa = PBXBuildFile; fileRef = 24A4A8772C2342A40045C8EB /* UserList.swift */; };
		24A4A87A2C2342F90045C8EB /* User.swift in Sources */ = {isa = PBXBuildFile; fileRef = 24A4A8792C2342F90045C8EB /* User.swift */; };
		24A4A87D2C2355400045C8EB /* LoginView.swift in Sources */ = {isa = PBXBuildFile; fileRef = 24A4A87C2C2355400045C8EB /* LoginView.swift */; };
		24AF40922C24B8B900136757 /* HouseHoldMembersViewModel.swift in Sources */ = {isa = PBXBuildFile; fileRef = 24AF40912C24B8B900136757 /* HouseHoldMembersViewModel.swift */; };
/* End PBXBuildFile section */

/* Begin PBXFileReference section */
		24960A512C23048E0038927C /* MatListen.app */ = {isa = PBXFileReference; explicitFileType = wrapper.application; includeInIndex = 0; path = MatListen.app; sourceTree = BUILT_PRODUCTS_DIR; };
		24960A542C23048E0038927C /* MatListenApp.swift */ = {isa = PBXFileReference; lastKnownFileType = sourcecode.swift; path = MatListenApp.swift; sourceTree = "<group>"; };
		24960A582C23048E0038927C /* Item.swift */ = {isa = PBXFileReference; lastKnownFileType = sourcecode.swift; path = Item.swift; sourceTree = "<group>"; };
		24960A5A2C2304900038927C /* Assets.xcassets */ = {isa = PBXFileReference; lastKnownFileType = folder.assetcatalog; path = Assets.xcassets; sourceTree = "<group>"; };
		24960A5D2C2304900038927C /* Preview Assets.xcassets */ = {isa = PBXFileReference; lastKnownFileType = folder.assetcatalog; path = "Preview Assets.xcassets"; sourceTree = "<group>"; };
		24960A6A2C2305500038927C /* HomeView.swift */ = {isa = PBXFileReference; lastKnownFileType = sourcecode.swift; path = HomeView.swift; sourceTree = "<group>"; };
		24960A6C2C2305690038927C /* ShoppingListView.swift */ = {isa = PBXFileReference; lastKnownFileType = sourcecode.swift; path = ShoppingListView.swift; sourceTree = "<group>"; };
		24960A6E2C23057D0038927C /* NutritionView.swift */ = {isa = PBXFileReference; lastKnownFileType = sourcecode.swift; path = NutritionView.swift; sourceTree = "<group>"; };
		24960A702C2305910038927C /* NotificationsView.swift */ = {isa = PBXFileReference; lastKnownFileType = sourcecode.swift; path = NotificationsView.swift; sourceTree = "<group>"; };
		24960A722C2305AF0038927C /* ProductView.swift */ = {isa = PBXFileReference; lastKnownFileType = sourcecode.swift; path = ProductView.swift; sourceTree = "<group>"; };
		24960A742C2305BF0038927C /* ProductSelectionView.swift */ = {isa = PBXFileReference; lastKnownFileType = sourcecode.swift; path = ProductSelectionView.swift; sourceTree = "<group>"; };
		24960A762C2305E10038927C /* ProductService.swift */ = {isa = PBXFileReference; lastKnownFileType = sourcecode.swift; path = ProductService.swift; sourceTree = "<group>"; };
		24960A782C2305F70038927C /* SearchBar.swift */ = {isa = PBXFileReference; lastKnownFileType = sourcecode.swift; path = SearchBar.swift; sourceTree = "<group>"; };
		24960A7A2C23060A0038927C /* ProductGrid.swift */ = {isa = PBXFileReference; lastKnownFileType = sourcecode.swift; path = ProductGrid.swift; sourceTree = "<group>"; };
		24960A7C2C2306190038927C /* ProductItemView.swift */ = {isa = PBXFileReference; lastKnownFileType = sourcecode.swift; path = ProductItemView.swift; sourceTree = "<group>"; };
		24960A7E2C2306340038927C /* FontModifier.swift */ = {isa = PBXFileReference; lastKnownFileType = sourcecode.swift; path = FontModifier.swift; sourceTree = "<group>"; };
		24960A802C2306490038927C /* BackgroundModifier.swift */ = {isa = PBXFileReference; lastKnownFileType = sourcecode.swift; path = BackgroundModifier.swift; sourceTree = "<group>"; };
		24960A822C2306690038927C /* ColorExtension.swift */ = {isa = PBXFileReference; lastKnownFileType = sourcecode.swift; path = ColorExtension.swift; sourceTree = "<group>"; };
		24960A842C2306760038927C /* ListItemModifier.swift */ = {isa = PBXFileReference; lastKnownFileType = sourcecode.swift; path = ListItemModifier.swift; sourceTree = "<group>"; };
		24960A862C2307E20038927C /* TabBarView.swift */ = {isa = PBXFileReference; lastKnownFileType = sourcecode.swift; path = TabBarView.swift; sourceTree = "<group>"; };
		24960A8A2C2309530038927C /* OFL.txt */ = {isa = PBXFileReference; fileEncoding = 4; lastKnownFileType = text; path = OFL.txt; sourceTree = "<group>"; };
		24960A8B2C2309530038927C /* Poppins-Black.ttf */ = {isa = PBXFileReference; lastKnownFileType = file; path = "Poppins-Black.ttf"; sourceTree = "<group>"; };
		24960A8C2C2309530038927C /* Poppins-BlackItalic.ttf */ = {isa = PBXFileReference; lastKnownFileType = file; path = "Poppins-BlackItalic.ttf"; sourceTree = "<group>"; };
		24960A8D2C2309530038927C /* Poppins-Bold.ttf */ = {isa = PBXFileReference; lastKnownFileType = file; path = "Poppins-Bold.ttf"; sourceTree = "<group>"; };
		24960A8E2C2309530038927C /* Poppins-BoldItalic.ttf */ = {isa = PBXFileReference; lastKnownFileType = file; path = "Poppins-BoldItalic.ttf"; sourceTree = "<group>"; };
		24960A8F2C2309530038927C /* Poppins-ExtraBold.ttf */ = {isa = PBXFileReference; lastKnownFileType = file; path = "Poppins-ExtraBold.ttf"; sourceTree = "<group>"; };
		24960A902C2309530038927C /* Poppins-ExtraBoldItalic.ttf */ = {isa = PBXFileReference; lastKnownFileType = file; path = "Poppins-ExtraBoldItalic.ttf"; sourceTree = "<group>"; };
		24960A912C2309530038927C /* Poppins-ExtraLight.ttf */ = {isa = PBXFileReference; lastKnownFileType = file; path = "Poppins-ExtraLight.ttf"; sourceTree = "<group>"; };
		24960A922C2309530038927C /* Poppins-ExtraLightItalic.ttf */ = {isa = PBXFileReference; lastKnownFileType = file; path = "Poppins-ExtraLightItalic.ttf"; sourceTree = "<group>"; };
		24960A932C2309530038927C /* Poppins-Italic.ttf */ = {isa = PBXFileReference; lastKnownFileType = file; path = "Poppins-Italic.ttf"; sourceTree = "<group>"; };
		24960A942C2309530038927C /* Poppins-Light.ttf */ = {isa = PBXFileReference; lastKnownFileType = file; path = "Poppins-Light.ttf"; sourceTree = "<group>"; };
		24960A952C2309530038927C /* Poppins-LightItalic.ttf */ = {isa = PBXFileReference; lastKnownFileType = file; path = "Poppins-LightItalic.ttf"; sourceTree = "<group>"; };
		24960A962C2309530038927C /* Poppins-Medium.ttf */ = {isa = PBXFileReference; lastKnownFileType = file; path = "Poppins-Medium.ttf"; sourceTree = "<group>"; };
		24960A972C2309530038927C /* Poppins-MediumItalic.ttf */ = {isa = PBXFileReference; lastKnownFileType = file; path = "Poppins-MediumItalic.ttf"; sourceTree = "<group>"; };
		24960A982C2309530038927C /* Poppins-Regular.ttf */ = {isa = PBXFileReference; lastKnownFileType = file; path = "Poppins-Regular.ttf"; sourceTree = "<group>"; };
		24960A992C2309530038927C /* Poppins-SemiBold.ttf */ = {isa = PBXFileReference; lastKnownFileType = file; path = "Poppins-SemiBold.ttf"; sourceTree = "<group>"; };
		24960A9A2C2309530038927C /* Poppins-SemiBoldItalic.ttf */ = {isa = PBXFileReference; lastKnownFileType = file; path = "Poppins-SemiBoldItalic.ttf"; sourceTree = "<group>"; };
		24960A9B2C2309530038927C /* Poppins-Thin.ttf */ = {isa = PBXFileReference; lastKnownFileType = file; path = "Poppins-Thin.ttf"; sourceTree = "<group>"; };
		24960A9C2C2309530038927C /* Poppins-ThinItalic.ttf */ = {isa = PBXFileReference; lastKnownFileType = file; path = "Poppins-ThinItalic.ttf"; sourceTree = "<group>"; };
		24987A972C24555700B9C01D /* UserService.swift */ = {isa = PBXFileReference; lastKnownFileType = sourcecode.swift; path = UserService.swift; sourceTree = "<group>"; };
		24987A992C24620B00B9C01D /* HouseHoldService.swift */ = {isa = PBXFileReference; lastKnownFileType = sourcecode.swift; path = HouseHoldService.swift; sourceTree = "<group>"; };
		24987A9B2C24896400B9C01D /* HouseHoldCrudView.swift */ = {isa = PBXFileReference; lastKnownFileType = sourcecode.swift; path = HouseHoldCrudView.swift; sourceTree = "<group>"; };
		24A4A8702C232C250045C8EB /* API-Keys.plist */ = {isa = PBXFileReference; lastKnownFileType = text.plist.xml; path = "API-Keys.plist"; sourceTree = "<group>"; };
		24A4A8722C233E510045C8EB /* .gitignore */ = {isa = PBXFileReference; lastKnownFileType = text; path = .gitignore; sourceTree = "<group>"; };
		24A4A8772C2342A40045C8EB /* UserList.swift */ = {isa = PBXFileReference; lastKnownFileType = sourcecode.swift; path = UserList.swift; sourceTree = "<group>"; };
		24A4A8792C2342F90045C8EB /* User.swift */ = {isa = PBXFileReference; lastKnownFileType = sourcecode.swift; path = User.swift; sourceTree = "<group>"; };
		24A4A87C2C2355400045C8EB /* LoginView.swift */ = {isa = PBXFileReference; lastKnownFileType = sourcecode.swift; path = LoginView.swift; sourceTree = "<group>"; };
		24AF40912C24B8B900136757 /* HouseHoldMembersViewModel.swift */ = {isa = PBXFileReference; lastKnownFileType = sourcecode.swift; path = HouseHoldMembersViewModel.swift; sourceTree = "<group>"; };
/* End PBXFileReference section */

/* Begin PBXFrameworksBuildPhase section */
		24960A4E2C23048E0038927C /* Frameworks */ = {
			isa = PBXFrameworksBuildPhase;
			buildActionMask = 2147483647;
			files = (
			);
			runOnlyForDeploymentPostprocessing = 0;
		};
/* End PBXFrameworksBuildPhase section */

/* Begin PBXGroup section */
		24960A482C23048E0038927C = {
			isa = PBXGroup;
			children = (
				24A4A8722C233E510045C8EB /* .gitignore */,
				24960A532C23048E0038927C /* MatListen */,
				24960A522C23048E0038927C /* Products */,
			);
			sourceTree = "<group>";
		};
		24960A522C23048E0038927C /* Products */ = {
			isa = PBXGroup;
			children = (
				24960A512C23048E0038927C /* MatListen.app */,
			);
			name = Products;
			sourceTree = "<group>";
		};
		24960A532C23048E0038927C /* MatListen */ = {
			isa = PBXGroup;
			children = (
				24A4A8702C232C250045C8EB /* API-Keys.plist */,
				24960A542C23048E0038927C /* MatListenApp.swift */,
				24AF40912C24B8B900136757 /* HouseHoldMembersViewModel.swift */,
				24960A652C2304B50038927C /* Modifiers */,
				24960A662C2304BB0038927C /* Components */,
				24960A882C2308200038927C /* Views */,
				24960A682C2304D50038927C /* Service */,
				24A4A87B2C2342FE0045C8EB /* Items */,
				24960A692C2304E20038927C /* Fonts */,
				24960A5A2C2304900038927C /* Assets.xcassets */,
				24960A5C2C2304900038927C /* Preview Content */,
			);
			path = MatListen;
			sourceTree = "<group>";
		};
		24960A5C2C2304900038927C /* Preview Content */ = {
			isa = PBXGroup;
			children = (
				24960A5D2C2304900038927C /* Preview Assets.xcassets */,
			);
			path = "Preview Content";
			sourceTree = "<group>";
		};
		24960A652C2304B50038927C /* Modifiers */ = {
			isa = PBXGroup;
			children = (
				24960A7E2C2306340038927C /* FontModifier.swift */,
				24960A802C2306490038927C /* BackgroundModifier.swift */,
				24960A822C2306690038927C /* ColorExtension.swift */,
				24960A842C2306760038927C /* ListItemModifier.swift */,
			);
			path = Modifiers;
			sourceTree = "<group>";
		};
		24960A662C2304BB0038927C /* Components */ = {
			isa = PBXGroup;
			children = (
				24A4A8742C2342800045C8EB /* Home */,
				24960A672C2304CE0038927C /* Product */,
			);
			path = Components;
			sourceTree = "<group>";
		};
		24960A672C2304CE0038927C /* Product */ = {
			isa = PBXGroup;
			children = (
				24960A782C2305F70038927C /* SearchBar.swift */,
				24960A7A2C23060A0038927C /* ProductGrid.swift */,
				24960A7C2C2306190038927C /* ProductItemView.swift */,
			);
			path = Product;
			sourceTree = "<group>";
		};
		24960A682C2304D50038927C /* Service */ = {
			isa = PBXGroup;
			children = (
				24960A762C2305E10038927C /* ProductService.swift */,
				24987A992C24620B00B9C01D /* HouseHoldService.swift */,
				24987A972C24555700B9C01D /* UserService.swift */,
			);
			path = Service;
			sourceTree = "<group>";
		};
		24960A692C2304E20038927C /* Fonts */ = {
			isa = PBXGroup;
			children = (
				24960A9D2C2309530038927C /* Poppins */,
			);
			path = Fonts;
			sourceTree = "<group>";
		};
		24960A882C2308200038927C /* Views */ = {
			isa = PBXGroup;
			children = (
				24987A9B2C24896400B9C01D /* HouseHoldCrudView.swift */,
				24960A862C2307E20038927C /* TabBarView.swift */,
				24A4A87C2C2355400045C8EB /* LoginView.swift */,
				24960A6A2C2305500038927C /* HomeView.swift */,
				24960A6C2C2305690038927C /* ShoppingListView.swift */,
				24960A6E2C23057D0038927C /* NutritionView.swift */,
				24960A702C2305910038927C /* NotificationsView.swift */,
				24960A722C2305AF0038927C /* ProductView.swift */,
				24960A742C2305BF0038927C /* ProductSelectionView.swift */,
			);
			name = Views;
			sourceTree = "<group>";
		};
		24960A9D2C2309530038927C /* Poppins */ = {
			isa = PBXGroup;
			children = (
				24960A8A2C2309530038927C /* OFL.txt */,
				24960A8B2C2309530038927C /* Poppins-Black.ttf */,
				24960A8C2C2309530038927C /* Poppins-BlackItalic.ttf */,
				24960A8D2C2309530038927C /* Poppins-Bold.ttf */,
				24960A8E2C2309530038927C /* Poppins-BoldItalic.ttf */,
				24960A8F2C2309530038927C /* Poppins-ExtraBold.ttf */,
				24960A902C2309530038927C /* Poppins-ExtraBoldItalic.ttf */,
				24960A912C2309530038927C /* Poppins-ExtraLight.ttf */,
				24960A922C2309530038927C /* Poppins-ExtraLightItalic.ttf */,
				24960A932C2309530038927C /* Poppins-Italic.ttf */,
				24960A942C2309530038927C /* Poppins-Light.ttf */,
				24960A952C2309530038927C /* Poppins-LightItalic.ttf */,
				24960A962C2309530038927C /* Poppins-Medium.ttf */,
				24960A972C2309530038927C /* Poppins-MediumItalic.ttf */,
				24960A982C2309530038927C /* Poppins-Regular.ttf */,
				24960A992C2309530038927C /* Poppins-SemiBold.ttf */,
				24960A9A2C2309530038927C /* Poppins-SemiBoldItalic.ttf */,
				24960A9B2C2309530038927C /* Poppins-Thin.ttf */,
				24960A9C2C2309530038927C /* Poppins-ThinItalic.ttf */,
			);
			name = Poppins;
			path = "../../../../ios koding assets/Poppins";
			sourceTree = "<group>";
		};
		24A4A8742C2342800045C8EB /* Home */ = {
			isa = PBXGroup;
			children = (
				24A4A8772C2342A40045C8EB /* UserList.swift */,
			);
			path = Home;
			sourceTree = "<group>";
		};
		24A4A87B2C2342FE0045C8EB /* Items */ = {
			isa = PBXGroup;
			children = (
				24960A582C23048E0038927C /* Item.swift */,
				24A4A8792C2342F90045C8EB /* User.swift */,
			);
			path = Items;
			sourceTree = "<group>";
		};
/* End PBXGroup section */

/* Begin PBXNativeTarget section */
		24960A502C23048E0038927C /* MatListen */ = {
			isa = PBXNativeTarget;
			buildConfigurationList = 24960A612C2304900038927C /* Build configuration list for PBXNativeTarget "MatListen" */;
			buildPhases = (
				24960A4D2C23048E0038927C /* Sources */,
				24960A4E2C23048E0038927C /* Frameworks */,
				24960A4F2C23048E0038927C /* Resources */,
			);
			buildRules = (
			);
			dependencies = (
			);
			name = MatListen;
			productName = MatListen;
			productReference = 24960A512C23048E0038927C /* MatListen.app */;
			productType = "com.apple.product-type.application";
		};
/* End PBXNativeTarget section */

/* Begin PBXProject section */
		24960A492C23048E0038927C /* Project object */ = {
			isa = PBXProject;
			attributes = {
				BuildIndependentTargetsInParallel = 1;
				LastSwiftUpdateCheck = 1540;
				LastUpgradeCheck = 1540;
				TargetAttributes = {
					24960A502C23048E0038927C = {
						CreatedOnToolsVersion = 15.4;
					};
				};
			};
			buildConfigurationList = 24960A4C2C23048E0038927C /* Build configuration list for PBXProject "MatListen" */;
			compatibilityVersion = "Xcode 14.0";
			developmentRegion = en;
			hasScannedForEncodings = 0;
			knownRegions = (
				en,
				Base,
			);
			mainGroup = 24960A482C23048E0038927C;
			productRefGroup = 24960A522C23048E0038927C /* Products */;
			projectDirPath = "";
			projectRoot = "";
			targets = (
				24960A502C23048E0038927C /* MatListen */,
			);
		};
/* End PBXProject section */

/* Begin PBXResourcesBuildPhase section */
		24960A4F2C23048E0038927C /* Resources */ = {
			isa = PBXResourcesBuildPhase;
			buildActionMask = 2147483647;
			files = (
				24960AA52C2309530038927C /* Poppins-ExtraLight.ttf in Resources */,
				24A4A8712C232C250045C8EB /* API-Keys.plist in Resources */,
				24960AAE2C2309530038927C /* Poppins-SemiBoldItalic.ttf in Resources */,
				24960AAB2C2309530038927C /* Poppins-MediumItalic.ttf in Resources */,
				24960AA82C2309530038927C /* Poppins-Light.ttf in Resources */,
				24A4A8732C233E510045C8EB /* .gitignore in Resources */,
				24960A9F2C2309530038927C /* Poppins-Black.ttf in Resources */,
				24960AA12C2309530038927C /* Poppins-Bold.ttf in Resources */,
				24960AAC2C2309530038927C /* Poppins-Regular.ttf in Resources */,
				24960AA22C2309530038927C /* Poppins-BoldItalic.ttf in Resources */,
				24960AA42C2309530038927C /* Poppins-ExtraBoldItalic.ttf in Resources */,
				24960AAF2C2309530038927C /* Poppins-Thin.ttf in Resources */,
				24960A9E2C2309530038927C /* OFL.txt in Resources */,
				24960AA72C2309530038927C /* Poppins-Italic.ttf in Resources */,
				24960AB02C2309530038927C /* Poppins-ThinItalic.ttf in Resources */,
				24960AA62C2309530038927C /* Poppins-ExtraLightItalic.ttf in Resources */,
				24960AAA2C2309530038927C /* Poppins-Medium.ttf in Resources */,
				24960AA92C2309530038927C /* Poppins-LightItalic.ttf in Resources */,
				24960AA32C2309530038927C /* Poppins-ExtraBold.ttf in Resources */,
				24960AA02C2309530038927C /* Poppins-BlackItalic.ttf in Resources */,
				24960AAD2C2309530038927C /* Poppins-SemiBold.ttf in Resources */,
				24960A5E2C2304900038927C /* Preview Assets.xcassets in Resources */,
				24960A5B2C2304900038927C /* Assets.xcassets in Resources */,
			);
			runOnlyForDeploymentPostprocessing = 0;
		};
/* End PBXResourcesBuildPhase section */

/* Begin PBXSourcesBuildPhase section */
		24960A4D2C23048E0038927C /* Sources */ = {
			isa = PBXSourcesBuildPhase;
			buildActionMask = 2147483647;
			files = (
				24960A812C2306490038927C /* BackgroundModifier.swift in Sources */,
				24AF40922C24B8B900136757 /* HouseHoldMembersViewModel.swift in Sources */,
				24960A7F2C2306340038927C /* FontModifier.swift in Sources */,
				24960A832C2306690038927C /* ColorExtension.swift in Sources */,
				24960A852C2306760038927C /* ListItemModifier.swift in Sources */,
				24960A592C23048E0038927C /* Item.swift in Sources */,
				24960A6B2C2305500038927C /* HomeView.swift in Sources */,
				24987A9C2C24896400B9C01D /* HouseHoldCrudView.swift in Sources */,
				24987A982C24555700B9C01D /* UserService.swift in Sources */,
				24960A732C2305AF0038927C /* ProductView.swift in Sources */,
				24960A7D2C2306190038927C /* ProductItemView.swift in Sources */,
				24A4A87A2C2342F90045C8EB /* User.swift in Sources */,
				24960A752C2305BF0038927C /* ProductSelectionView.swift in Sources */,
				24960A6F2C23057D0038927C /* NutritionView.swift in Sources */,
				24960A552C23048E0038927C /* MatListenApp.swift in Sources */,
				24960A7B2C23060A0038927C /* ProductGrid.swift in Sources */,
				24987A9A2C24620B00B9C01D /* HouseHoldService.swift in Sources */,
				24960A872C2307E20038927C /* TabBarView.swift in Sources */,
				24A4A87D2C2355400045C8EB /* LoginView.swift in Sources */,
				24960A6D2C2305690038927C /* ShoppingListView.swift in Sources */,
				24960A712C2305910038927C /* NotificationsView.swift in Sources */,
				24960A792C2305F70038927C /* SearchBar.swift in Sources */,
				24A4A8782C2342A40045C8EB /* UserList.swift in Sources */,
				24960A772C2305E10038927C /* ProductService.swift in Sources */,
			);
			runOnlyForDeploymentPostprocessing = 0;
		};
/* End PBXSourcesBuildPhase section */

/* Begin XCBuildConfiguration section */
		24960A5F2C2304900038927C /* Debug */ = {
			isa = XCBuildConfiguration;
			buildSettings = {
				ALWAYS_SEARCH_USER_PATHS = NO;
				ASSETCATALOG_COMPILER_GENERATE_SWIFT_ASSET_SYMBOL_EXTENSIONS = YES;
				CLANG_ANALYZER_NONNULL = YES;
				CLANG_ANALYZER_NUMBER_OBJECT_CONVERSION = YES_AGGRESSIVE;
				CLANG_CXX_LANGUAGE_STANDARD = "gnu++20";
				CLANG_ENABLE_MODULES = YES;
				CLANG_ENABLE_OBJC_ARC = YES;
				CLANG_ENABLE_OBJC_WEAK = YES;
				CLANG_WARN_BLOCK_CAPTURE_AUTORELEASING = YES;
				CLANG_WARN_BOOL_CONVERSION = YES;
				CLANG_WARN_COMMA = YES;
				CLANG_WARN_CONSTANT_CONVERSION = YES;
				CLANG_WARN_DEPRECATED_OBJC_IMPLEMENTATIONS = YES;
				CLANG_WARN_DIRECT_OBJC_ISA_USAGE = YES_ERROR;
				CLANG_WARN_DOCUMENTATION_COMMENTS = YES;
				CLANG_WARN_EMPTY_BODY = YES;
				CLANG_WARN_ENUM_CONVERSION = YES;
				CLANG_WARN_INFINITE_RECURSION = YES;
				CLANG_WARN_INT_CONVERSION = YES;
				CLANG_WARN_NON_LITERAL_NULL_CONVERSION = YES;
				CLANG_WARN_OBJC_IMPLICIT_RETAIN_SELF = YES;
				CLANG_WARN_OBJC_LITERAL_CONVERSION = YES;
				CLANG_WARN_OBJC_ROOT_CLASS = YES_ERROR;
				CLANG_WARN_QUOTED_INCLUDE_IN_FRAMEWORK_HEADER = YES;
				CLANG_WARN_RANGE_LOOP_ANALYSIS = YES;
				CLANG_WARN_STRICT_PROTOTYPES = YES;
				CLANG_WARN_SUSPICIOUS_MOVE = YES;
				CLANG_WARN_UNGUARDED_AVAILABILITY = YES_AGGRESSIVE;
				CLANG_WARN_UNREACHABLE_CODE = YES;
				CLANG_WARN__DUPLICATE_METHOD_MATCH = YES;
				COPY_PHASE_STRIP = NO;
				DEBUG_INFORMATION_FORMAT = dwarf;
				ENABLE_STRICT_OBJC_MSGSEND = YES;
				ENABLE_TESTABILITY = YES;
				ENABLE_USER_SCRIPT_SANDBOXING = YES;
				GCC_C_LANGUAGE_STANDARD = gnu17;
				GCC_DYNAMIC_NO_PIC = NO;
				GCC_NO_COMMON_BLOCKS = YES;
				GCC_OPTIMIZATION_LEVEL = 0;
				GCC_PREPROCESSOR_DEFINITIONS = (
					"DEBUG=1",
					"$(inherited)",
				);
				GCC_WARN_64_TO_32_BIT_CONVERSION = YES;
				GCC_WARN_ABOUT_RETURN_TYPE = YES_ERROR;
				GCC_WARN_UNDECLARED_SELECTOR = YES;
				GCC_WARN_UNINITIALIZED_AUTOS = YES_AGGRESSIVE;
				GCC_WARN_UNUSED_FUNCTION = YES;
				GCC_WARN_UNUSED_VARIABLE = YES;
				IPHONEOS_DEPLOYMENT_TARGET = 17.5;
				LOCALIZATION_PREFERS_STRING_CATALOGS = YES;
				MTL_ENABLE_DEBUG_INFO = INCLUDE_SOURCE;
				MTL_FAST_MATH = YES;
				ONLY_ACTIVE_ARCH = YES;
				SDKROOT = iphoneos;
				SWIFT_ACTIVE_COMPILATION_CONDITIONS = "DEBUG $(inherited)";
				SWIFT_OPTIMIZATION_LEVEL = "-Onone";
			};
			name = Debug;
		};
		24960A602C2304900038927C /* Release */ = {
			isa = XCBuildConfiguration;
			buildSettings = {
				ALWAYS_SEARCH_USER_PATHS = NO;
				ASSETCATALOG_COMPILER_GENERATE_SWIFT_ASSET_SYMBOL_EXTENSIONS = YES;
				CLANG_ANALYZER_NONNULL = YES;
				CLANG_ANALYZER_NUMBER_OBJECT_CONVERSION = YES_AGGRESSIVE;
				CLANG_CXX_LANGUAGE_STANDARD = "gnu++20";
				CLANG_ENABLE_MODULES = YES;
				CLANG_ENABLE_OBJC_ARC = YES;
				CLANG_ENABLE_OBJC_WEAK = YES;
				CLANG_WARN_BLOCK_CAPTURE_AUTORELEASING = YES;
				CLANG_WARN_BOOL_CONVERSION = YES;
				CLANG_WARN_COMMA = YES;
				CLANG_WARN_CONSTANT_CONVERSION = YES;
				CLANG_WARN_DEPRECATED_OBJC_IMPLEMENTATIONS = YES;
				CLANG_WARN_DIRECT_OBJC_ISA_USAGE = YES_ERROR;
				CLANG_WARN_DOCUMENTATION_COMMENTS = YES;
				CLANG_WARN_EMPTY_BODY = YES;
				CLANG_WARN_ENUM_CONVERSION = YES;
				CLANG_WARN_INFINITE_RECURSION = YES;
				CLANG_WARN_INT_CONVERSION = YES;
				CLANG_WARN_NON_LITERAL_NULL_CONVERSION = YES;
				CLANG_WARN_OBJC_IMPLICIT_RETAIN_SELF = YES;
				CLANG_WARN_OBJC_LITERAL_CONVERSION = YES;
				CLANG_WARN_OBJC_ROOT_CLASS = YES_ERROR;
				CLANG_WARN_QUOTED_INCLUDE_IN_FRAMEWORK_HEADER = YES;
				CLANG_WARN_RANGE_LOOP_ANALYSIS = YES;
				CLANG_WARN_STRICT_PROTOTYPES = YES;
				CLANG_WARN_SUSPICIOUS_MOVE = YES;
				CLANG_WARN_UNGUARDED_AVAILABILITY = YES_AGGRESSIVE;
				CLANG_WARN_UNREACHABLE_CODE = YES;
				CLANG_WARN__DUPLICATE_METHOD_MATCH = YES;
				COPY_PHASE_STRIP = NO;
				DEBUG_INFORMATION_FORMAT = "dwarf-with-dsym";
				ENABLE_NS_ASSERTIONS = NO;
				ENABLE_STRICT_OBJC_MSGSEND = YES;
				ENABLE_USER_SCRIPT_SANDBOXING = YES;
				GCC_C_LANGUAGE_STANDARD = gnu17;
				GCC_NO_COMMON_BLOCKS = YES;
				GCC_WARN_64_TO_32_BIT_CONVERSION = YES;
				GCC_WARN_ABOUT_RETURN_TYPE = YES_ERROR;
				GCC_WARN_UNDECLARED_SELECTOR = YES;
				GCC_WARN_UNINITIALIZED_AUTOS = YES_AGGRESSIVE;
				GCC_WARN_UNUSED_FUNCTION = YES;
				GCC_WARN_UNUSED_VARIABLE = YES;
				IPHONEOS_DEPLOYMENT_TARGET = 17.5;
				LOCALIZATION_PREFERS_STRING_CATALOGS = YES;
				MTL_ENABLE_DEBUG_INFO = NO;
				MTL_FAST_MATH = YES;
				SDKROOT = iphoneos;
				SWIFT_COMPILATION_MODE = wholemodule;
				VALIDATE_PRODUCT = YES;
			};
			name = Release;
		};
		24960A622C2304900038927C /* Debug */ = {
			isa = XCBuildConfiguration;
			buildSettings = {
				ASSETCATALOG_COMPILER_APPICON_NAME = AppIcon;
				ASSETCATALOG_COMPILER_GLOBAL_ACCENT_COLOR_NAME = AccentColor;
				CODE_SIGN_STYLE = Automatic;
				CURRENT_PROJECT_VERSION = 1;
				DEVELOPMENT_ASSET_PATHS = "\"MatListen/Preview Content\"";
				ENABLE_PREVIEWS = YES;
				GENERATE_INFOPLIST_FILE = YES;
				INFOPLIST_FILE = MatListen/Info.plist;
				INFOPLIST_KEY_UIApplicationSceneManifest_Generation = YES;
				INFOPLIST_KEY_UIApplicationSupportsIndirectInputEvents = YES;
				INFOPLIST_KEY_UILaunchScreen_Generation = YES;
				INFOPLIST_KEY_UISupportedInterfaceOrientations_iPad = "UIInterfaceOrientationPortrait UIInterfaceOrientationPortraitUpsideDown UIInterfaceOrientationLandscapeLeft UIInterfaceOrientationLandscapeRight";
				INFOPLIST_KEY_UISupportedInterfaceOrientations_iPhone = "UIInterfaceOrientationPortrait UIInterfaceOrientationLandscapeLeft UIInterfaceOrientationLandscapeRight";
				LD_RUNPATH_SEARCH_PATHS = (
					"$(inherited)",
					"@executable_path/Frameworks",
				);
				MARKETING_VERSION = 1.0;
				PRODUCT_BUNDLE_IDENTIFIER = Wolden.MatListen;
				PRODUCT_NAME = "$(TARGET_NAME)";
				SWIFT_EMIT_LOC_STRINGS = YES;
				SWIFT_VERSION = 5.0;
				TARGETED_DEVICE_FAMILY = "1,2";
			};
			name = Debug;
		};
		24960A632C2304900038927C /* Release */ = {
			isa = XCBuildConfiguration;
			buildSettings = {
				ASSETCATALOG_COMPILER_APPICON_NAME = AppIcon;
				ASSETCATALOG_COMPILER_GLOBAL_ACCENT_COLOR_NAME = AccentColor;
				CODE_SIGN_STYLE = Automatic;
				CURRENT_PROJECT_VERSION = 1;
				DEVELOPMENT_ASSET_PATHS = "\"MatListen/Preview Content\"";
				ENABLE_PREVIEWS = YES;
				GENERATE_INFOPLIST_FILE = YES;
				INFOPLIST_FILE = MatListen/Info.plist;
				INFOPLIST_KEY_UIApplicationSceneManifest_Generation = YES;
				INFOPLIST_KEY_UIApplicationSupportsIndirectInputEvents = YES;
				INFOPLIST_KEY_UILaunchScreen_Generation = YES;
				INFOPLIST_KEY_UISupportedInterfaceOrientations_iPad = "UIInterfaceOrientationPortrait UIInterfaceOrientationPortraitUpsideDown UIInterfaceOrientationLandscapeLeft UIInterfaceOrientationLandscapeRight";
				INFOPLIST_KEY_UISupportedInterfaceOrientations_iPhone = "UIInterfaceOrientationPortrait UIInterfaceOrientationLandscapeLeft UIInterfaceOrientationLandscapeRight";
				LD_RUNPATH_SEARCH_PATHS = (
					"$(inherited)",
					"@executable_path/Frameworks",
				);
				MARKETING_VERSION = 1.0;
				PRODUCT_BUNDLE_IDENTIFIER = Wolden.MatListen;
				PRODUCT_NAME = "$(TARGET_NAME)";
				SWIFT_EMIT_LOC_STRINGS = YES;
				SWIFT_VERSION = 5.0;
				TARGETED_DEVICE_FAMILY = "1,2";
			};
			name = Release;
		};
/* End XCBuildConfiguration section */

/* Begin XCConfigurationList section */
		24960A4C2C23048E0038927C /* Build configuration list for PBXProject "MatListen" */ = {
			isa = XCConfigurationList;
			buildConfigurations = (
				24960A5F2C2304900038927C /* Debug */,
				24960A602C2304900038927C /* Release */,
			);
			defaultConfigurationIsVisible = 0;
			defaultConfigurationName = Release;
		};
		24960A612C2304900038927C /* Build configuration list for PBXNativeTarget "MatListen" */ = {
			isa = XCConfigurationList;
			buildConfigurations = (
				24960A622C2304900038927C /* Debug */,
				24960A632C2304900038927C /* Release */,
			);
			defaultConfigurationIsVisible = 0;
			defaultConfigurationName = Release;
		};
/* End XCConfigurationList section */
	};
	rootObject = 24960A492C23048E0038927C /* Project object */;
}
